# This file is generated by running "yarn install" inside your project.
# Manual changes might be lost - proceed with caution!

__metadata:
  version: 6
  cacheKey: 8

"@babel/runtime@npm:^7.3.1, @babel/runtime@npm:^7.8.3":
  version: 7.22.6
  resolution: "@babel/runtime@npm:7.22.6"
  dependencies:
    regenerator-runtime: ^0.13.11
  checksum: e585338287c4514a713babf4fdb8fc2a67adcebab3e7723a739fc62c79cfda875b314c90fd25f827afb150d781af97bc16c85bfdbfa2889f06053879a1ddb597
  languageName: node
  linkType: hard

"@emotion/is-prop-valid@npm:^0.7.3":
  version: 0.7.3
  resolution: "@emotion/is-prop-valid@npm:0.7.3"
  dependencies:
    "@emotion/memoize": 0.7.1
  checksum: 76c2cb5043b0a81dd5c1a8d76baa7c273e9cb5d177efaa482406b0e170ca2ce4f9274f299769e5d5489b319ba2fd94dfd85b912752242c23b159098606da68a9
  languageName: node
  linkType: hard

"@emotion/memoize@npm:0.7.1":
  version: 0.7.1
  resolution: "@emotion/memoize@npm:0.7.1"
  checksum: fec25e74c3a4af920bfdb0f552c16f648c8f4343d51cb073af85fcec1a382ce041a4e082f458a999dc3599e9d768c0dd28e5accd6066169e01364b270b7036cf
  languageName: node
  linkType: hard

"@esbuild/android-arm64@npm:0.18.17":
  version: 0.18.17
  resolution: "@esbuild/android-arm64@npm:0.18.17"
  conditions: os=android & cpu=arm64
  languageName: node
  linkType: hard

"@esbuild/android-arm@npm:0.18.17":
  version: 0.18.17
  resolution: "@esbuild/android-arm@npm:0.18.17"
  conditions: os=android & cpu=arm
  languageName: node
  linkType: hard

"@esbuild/android-x64@npm:0.18.17":
  version: 0.18.17
  resolution: "@esbuild/android-x64@npm:0.18.17"
  conditions: os=android & cpu=x64
  languageName: node
  linkType: hard

"@esbuild/darwin-arm64@npm:0.18.17":
  version: 0.18.17
  resolution: "@esbuild/darwin-arm64@npm:0.18.17"
  conditions: os=darwin & cpu=arm64
  languageName: node
  linkType: hard

"@esbuild/darwin-x64@npm:0.18.17":
  version: 0.18.17
  resolution: "@esbuild/darwin-x64@npm:0.18.17"
  conditions: os=darwin & cpu=x64
  languageName: node
  linkType: hard

"@esbuild/freebsd-arm64@npm:0.18.17":
  version: 0.18.17
  resolution: "@esbuild/freebsd-arm64@npm:0.18.17"
  conditions: os=freebsd & cpu=arm64
  languageName: node
  linkType: hard

"@esbuild/freebsd-x64@npm:0.18.17":
  version: 0.18.17
  resolution: "@esbuild/freebsd-x64@npm:0.18.17"
  conditions: os=freebsd & cpu=x64
  languageName: node
  linkType: hard

"@esbuild/linux-arm64@npm:0.18.17":
  version: 0.18.17
  resolution: "@esbuild/linux-arm64@npm:0.18.17"
  conditions: os=linux & cpu=arm64
  languageName: node
  linkType: hard

"@esbuild/linux-arm@npm:0.18.17":
  version: 0.18.17
  resolution: "@esbuild/linux-arm@npm:0.18.17"
  conditions: os=linux & cpu=arm
  languageName: node
  linkType: hard

"@esbuild/linux-ia32@npm:0.18.17":
  version: 0.18.17
  resolution: "@esbuild/linux-ia32@npm:0.18.17"
  conditions: os=linux & cpu=ia32
  languageName: node
  linkType: hard

"@esbuild/linux-loong64@npm:0.18.17":
  version: 0.18.17
  resolution: "@esbuild/linux-loong64@npm:0.18.17"
  conditions: os=linux & cpu=loong64
  languageName: node
  linkType: hard

"@esbuild/linux-mips64el@npm:0.18.17":
  version: 0.18.17
  resolution: "@esbuild/linux-mips64el@npm:0.18.17"
  conditions: os=linux & cpu=mips64el
  languageName: node
  linkType: hard

"@esbuild/linux-ppc64@npm:0.18.17":
  version: 0.18.17
  resolution: "@esbuild/linux-ppc64@npm:0.18.17"
  conditions: os=linux & cpu=ppc64
  languageName: node
  linkType: hard

"@esbuild/linux-riscv64@npm:0.18.17":
  version: 0.18.17
  resolution: "@esbuild/linux-riscv64@npm:0.18.17"
  conditions: os=linux & cpu=riscv64
  languageName: node
  linkType: hard

"@esbuild/linux-s390x@npm:0.18.17":
  version: 0.18.17
  resolution: "@esbuild/linux-s390x@npm:0.18.17"
  conditions: os=linux & cpu=s390x
  languageName: node
  linkType: hard

"@esbuild/linux-x64@npm:0.18.17":
  version: 0.18.17
  resolution: "@esbuild/linux-x64@npm:0.18.17"
  conditions: os=linux & cpu=x64
  languageName: node
  linkType: hard

"@esbuild/netbsd-x64@npm:0.18.17":
  version: 0.18.17
  resolution: "@esbuild/netbsd-x64@npm:0.18.17"
  conditions: os=netbsd & cpu=x64
  languageName: node
  linkType: hard

"@esbuild/openbsd-x64@npm:0.18.17":
  version: 0.18.17
  resolution: "@esbuild/openbsd-x64@npm:0.18.17"
  conditions: os=openbsd & cpu=x64
  languageName: node
  linkType: hard

"@esbuild/sunos-x64@npm:0.18.17":
  version: 0.18.17
  resolution: "@esbuild/sunos-x64@npm:0.18.17"
  conditions: os=sunos & cpu=x64
  languageName: node
  linkType: hard

"@esbuild/win32-arm64@npm:0.18.17":
  version: 0.18.17
  resolution: "@esbuild/win32-arm64@npm:0.18.17"
  conditions: os=win32 & cpu=arm64
  languageName: node
  linkType: hard

"@esbuild/win32-ia32@npm:0.18.17":
  version: 0.18.17
  resolution: "@esbuild/win32-ia32@npm:0.18.17"
  conditions: os=win32 & cpu=ia32
  languageName: node
  linkType: hard

"@esbuild/win32-x64@npm:0.18.17":
  version: 0.18.17
  resolution: "@esbuild/win32-x64@npm:0.18.17"
  conditions: os=win32 & cpu=x64
  languageName: node
  linkType: hard

"css-jss@npm:10.10.0":
  version: 10.10.0
  resolution: "css-jss@npm:10.10.0"
  dependencies:
    "@babel/runtime": ^7.3.1
    jss: ^10.10.0
    jss-preset-default: ^10.10.0
  checksum: 9b0e0251875f7f40dc3f15ceeae74b752719b7861f7b674974dcae9f47d1231d01ddcb36521d2ac3f8b70e12d5eb09b8b6b84fc808691bdb52bf553fba9c5554
  languageName: node
  linkType: hard

"css-vendor@npm:^2.0.8":
  version: 2.0.8
  resolution: "css-vendor@npm:2.0.8"
  dependencies:
    "@babel/runtime": ^7.8.3
    is-in-browser: ^1.0.2
  checksum: 647cd4ea5e401c65c59376255aa2b708e92bf84fba9ce2b3ff5ecb94bf51d74ac374052b1cf9956ef7419b8ebf07fcea9a7683d2d2459127b2ca747ab5b98745
  languageName: node
  linkType: hard

"csstype@npm:^3.0.2":
  version: 3.1.2
  resolution: "csstype@npm:3.1.2"
  checksum: e1a52e6c25c1314d6beef5168da704ab29c5186b877c07d822bd0806717d9a265e8493a2e35ca7e68d0f5d472d43fac1cdce70fd79fd0853dff81f3028d857b5
  languageName: node
  linkType: hard

"esbuild@npm:^0.18.17":
  version: 0.18.17
  resolution: "esbuild@npm:0.18.17"
  dependencies:
    "@esbuild/android-arm": 0.18.17
    "@esbuild/android-arm64": 0.18.17
    "@esbuild/android-x64": 0.18.17
    "@esbuild/darwin-arm64": 0.18.17
    "@esbuild/darwin-x64": 0.18.17
    "@esbuild/freebsd-arm64": 0.18.17
    "@esbuild/freebsd-x64": 0.18.17
    "@esbuild/linux-arm": 0.18.17
    "@esbuild/linux-arm64": 0.18.17
    "@esbuild/linux-ia32": 0.18.17
    "@esbuild/linux-loong64": 0.18.17
    "@esbuild/linux-mips64el": 0.18.17
    "@esbuild/linux-ppc64": 0.18.17
    "@esbuild/linux-riscv64": 0.18.17
    "@esbuild/linux-s390x": 0.18.17
    "@esbuild/linux-x64": 0.18.17
    "@esbuild/netbsd-x64": 0.18.17
    "@esbuild/openbsd-x64": 0.18.17
    "@esbuild/sunos-x64": 0.18.17
    "@esbuild/win32-arm64": 0.18.17
    "@esbuild/win32-ia32": 0.18.17
    "@esbuild/win32-x64": 0.18.17
  dependenciesMeta:
    "@esbuild/android-arm":
      optional: true
    "@esbuild/android-arm64":
      optional: true
    "@esbuild/android-x64":
      optional: true
    "@esbuild/darwin-arm64":
      optional: true
    "@esbuild/darwin-x64":
      optional: true
    "@esbuild/freebsd-arm64":
      optional: true
    "@esbuild/freebsd-x64":
      optional: true
    "@esbuild/linux-arm":
      optional: true
    "@esbuild/linux-arm64":
      optional: true
    "@esbuild/linux-ia32":
      optional: true
    "@esbuild/linux-loong64":
      optional: true
    "@esbuild/linux-mips64el":
      optional: true
    "@esbuild/linux-ppc64":
      optional: true
    "@esbuild/linux-riscv64":
      optional: true
    "@esbuild/linux-s390x":
      optional: true
    "@esbuild/linux-x64":
      optional: true
    "@esbuild/netbsd-x64":
      optional: true
    "@esbuild/openbsd-x64":
      optional: true
    "@esbuild/sunos-x64":
      optional: true
    "@esbuild/win32-arm64":
      optional: true
    "@esbuild/win32-ia32":
      optional: true
    "@esbuild/win32-x64":
      optional: true
  bin:
    esbuild: bin/esbuild
  checksum: c6e1ffa776978a45697763a07ec9b16411db3d3b3997b2c4a0165a211727fce8b63b87165a28d8ef60d3a28b98197bbbc2833e51b89888a4437e0a483dffc8ff
  languageName: node
  linkType: hard

"hoist-non-react-statics@npm:^3.2.0, hoist-non-react-statics@npm:^3.3.0":
  version: 3.3.2
  resolution: "hoist-non-react-statics@npm:3.3.2"
  dependencies:
    react-is: ^16.7.0
  checksum: b1538270429b13901ee586aa44f4cc3ecd8831c061d06cb8322e50ea17b3f5ce4d0e2e66394761e6c8e152cd8c34fb3b4b690116c6ce2bd45b18c746516cb9e8
  languageName: node
  linkType: hard

"hyphenate-style-name@npm:^1.0.3":
  version: 1.0.4
  resolution: "hyphenate-style-name@npm:1.0.4"
  checksum: 4f5bf4b055089754924babebaa23c17845937bcca6aee95d5d015f8fa1e6814279002bd6a9e541e3fac2cd02519fc76305396727066c57c8e21a7e73e7a12137
  languageName: node
  linkType: hard

"is-in-browser@npm:^1.0.2, is-in-browser@npm:^1.1.3":
  version: 1.1.3
  resolution: "is-in-browser@npm:1.1.3"
  checksum: 178491f97f6663c0574565701b76f41633dbe065e4bd8d518ce017a8fa25e5109ecb6a3bd8bd55c0aba11b208f86b9f0f9c91f3664e148ebf618b74a74fcaf09
  languageName: node
  linkType: hard

"js-tokens@npm:^3.0.0 || ^4.0.0":
  version: 4.0.0
  resolution: "js-tokens@npm:4.0.0"
  checksum: 8a95213a5a77deb6cbe94d86340e8d9ace2b93bc367790b260101d2f36a2eaf4e4e22d9fa9cf459b38af3a32fb4190e638024cf82ec95ef708680e405ea7cc78
  languageName: node
  linkType: hard

"jss-plugin-camel-case@npm:10.10.0":
  version: 10.10.0
  resolution: "jss-plugin-camel-case@npm:10.10.0"
  dependencies:
    "@babel/runtime": ^7.3.1
    hyphenate-style-name: ^1.0.3
    jss: 10.10.0
  checksum: 693485b86f7a0e0bd0c16b8ddd057ca02a993fc088558c96501f9131e7e6261cc9f4b08047879a68441c688c40dceeb5219b1f15ade9043935aade4f37f5ca85
  languageName: node
  linkType: hard

"jss-plugin-compose@npm:10.10.0":
  version: 10.10.0
  resolution: "jss-plugin-compose@npm:10.10.0"
  dependencies:
    "@babel/runtime": ^7.3.1
    jss: 10.10.0
    tiny-warning: ^1.0.2
  checksum: 4d9c7adf34d3dcbc7b321c980b21b396fe9b97d93d3622e242f4e267ac278753cc7575a003f545138e211fd3302a66e9b75926b4f8e3e7cd7ba21b402a4b5f17
  languageName: node
  linkType: hard

"jss-plugin-default-unit@npm:10.10.0":
  version: 10.10.0
  resolution: "jss-plugin-default-unit@npm:10.10.0"
  dependencies:
    "@babel/runtime": ^7.3.1
    jss: 10.10.0
  checksum: 6e56213830753ad80bca3824973a667106defaef698d5996d45d03a0e2a3e035b33cd257aa8015040c41bd6669e7598dce72c36099d7ae69db758a7b2ca453fa
  languageName: node
  linkType: hard

"jss-plugin-expand@npm:10.10.0":
  version: 10.10.0
  resolution: "jss-plugin-expand@npm:10.10.0"
  dependencies:
    "@babel/runtime": ^7.3.1
    jss: 10.10.0
  checksum: 264f198c472b5ef2e11e8897546edcf65f017352426990773f781eaf9921faae132e9611991e5b761ee9a083475e948efd4b6e28a01e25880c2b55c7a044cb9a
  languageName: node
  linkType: hard

"jss-plugin-extend@npm:10.10.0":
  version: 10.10.0
  resolution: "jss-plugin-extend@npm:10.10.0"
  dependencies:
    "@babel/runtime": ^7.3.1
    jss: 10.10.0
    tiny-warning: ^1.0.2
  checksum: e163ac6e5f91c6cfc0eda2388b7f3cd8a38d1651fce6ea69a6b8bbaf26266f22a3bdfbe4e56100f12beb98a5f93aaa4dbcfc399ffaf906424cab0fdace645b6b
  languageName: node
  linkType: hard

"jss-plugin-global@npm:10.10.0":
  version: 10.10.0
  resolution: "jss-plugin-global@npm:10.10.0"
  dependencies:
    "@babel/runtime": ^7.3.1
    jss: 10.10.0
  checksum: f3af4f40358e96cf89e0c7c84b6e441dc9b4d543cd6109fdf9314a9818fd780d252035f46cc526c3d3fb4393bc29effc6993cc22e04f4e67ec3c889ab760d580
  languageName: node
  linkType: hard

"jss-plugin-nested@npm:10.10.0":
  version: 10.10.0
  resolution: "jss-plugin-nested@npm:10.10.0"
  dependencies:
    "@babel/runtime": ^7.3.1
    jss: 10.10.0
    tiny-warning: ^1.0.2
  checksum: 190094375972b68eb8f683387c74e97dc8347e7cc4f2fbfd40b3baf077dfde83d70e57be56744690d22537c0390e0a398714d86736df820c64e498df95f937de
  languageName: node
  linkType: hard

"jss-plugin-props-sort@npm:10.10.0":
  version: 10.10.0
  resolution: "jss-plugin-props-sort@npm:10.10.0"
  dependencies:
    "@babel/runtime": ^7.3.1
    jss: 10.10.0
  checksum: 274483444b6733bd58d229ebdcdb32b3c24172bc83cb2f6f8364926de19acd872758bcf06c7b3af11cf75504a67a7d67abba62b25081d144585a56b4df9512ba
  languageName: node
  linkType: hard

"jss-plugin-rule-value-function@npm:10.10.0":
  version: 10.10.0
  resolution: "jss-plugin-rule-value-function@npm:10.10.0"
  dependencies:
    "@babel/runtime": ^7.3.1
    jss: 10.10.0
    tiny-warning: ^1.0.2
  checksum: 009c9593b9be8b9f1030b797e58e3c233d90e034e5c68b0cabd25bffc7da965c69dc1ccb1bb6a542d72bb824df89036b2264fe564e8538320ef99febaf2882ee
  languageName: node
  linkType: hard

"jss-plugin-rule-value-observable@npm:10.10.0":
  version: 10.10.0
  resolution: "jss-plugin-rule-value-observable@npm:10.10.0"
  dependencies:
    "@babel/runtime": ^7.3.1
    jss: 10.10.0
    symbol-observable: ^1.2.0
  checksum: ec549b1ce8d8a356145378eac22bee8afdfe8cc4ee94237e9009a9b0d5dc228ed04cf1924b6628a625cf44f27aa34593dce482a14cd1e04a4c1e9cc3b80e5db4
  languageName: node
  linkType: hard

"jss-plugin-template@npm:10.10.0":
  version: 10.10.0
  resolution: "jss-plugin-template@npm:10.10.0"
  dependencies:
    "@babel/runtime": ^7.3.1
    jss: 10.10.0
    tiny-warning: ^1.0.2
  checksum: 695e0b1d60679736134d70cf886d5ba001412e863624cbae08bf6bdf33188a670b3083bb229f1253cf6555288e7929b33ff622ab3b6d7ec68a72ab335f580223
  languageName: node
  linkType: hard

"jss-plugin-vendor-prefixer@npm:10.10.0":
  version: 10.10.0
  resolution: "jss-plugin-vendor-prefixer@npm:10.10.0"
  dependencies:
    "@babel/runtime": ^7.3.1
    css-vendor: ^2.0.8
    jss: 10.10.0
  checksum: 879b7233f9b0b571074dc2b88d97a05dbb949012ba2405f1481bbedd521167dc835133632adb3f2d8ffceddd337c8c13e3e8b1931590516c0664039598752dff
  languageName: node
  linkType: hard

"jss-preset-default@npm:10.10.0, jss-preset-default@npm:^10.10.0":
  version: 10.10.0
  resolution: "jss-preset-default@npm:10.10.0"
  dependencies:
    "@babel/runtime": ^7.3.1
    jss: 10.10.0
    jss-plugin-camel-case: 10.10.0
    jss-plugin-compose: 10.10.0
    jss-plugin-default-unit: 10.10.0
    jss-plugin-expand: 10.10.0
    jss-plugin-extend: 10.10.0
    jss-plugin-global: 10.10.0
    jss-plugin-nested: 10.10.0
    jss-plugin-props-sort: 10.10.0
    jss-plugin-rule-value-function: 10.10.0
    jss-plugin-rule-value-observable: 10.10.0
    jss-plugin-template: 10.10.0
    jss-plugin-vendor-prefixer: 10.10.0
  checksum: 128c37333566868f008b315a051a76781f4d78f5e1f9eea25d69841057c659a4d3d0937cc665e9ac9a80a12ea6028cec4a8efa2a3f942b4b831f47244fbf32e3
  languageName: node
  linkType: hard

"jss@npm:10.10.0, jss@npm:^10.10.0":
  version: 10.10.0
  resolution: "jss@npm:10.10.0"
  dependencies:
    "@babel/runtime": ^7.3.1
    csstype: ^3.0.2
    is-in-browser: ^1.1.3
    tiny-warning: ^1.0.2
  checksum: ecf71971df42729668c283e432e841349b7fdbe52e520f7704991cf4a738fd2451ec0feeb25c12cdc5addf7facecf838e74e62936fd461fb4c99f23d54a4792d
  languageName: node
  linkType: hard

"loose-envify@npm:^1.1.0, loose-envify@npm:^1.4.0":
  version: 1.4.0
  resolution: "loose-envify@npm:1.4.0"
  dependencies:
    js-tokens: ^3.0.0 || ^4.0.0
  bin:
    loose-envify: cli.js
  checksum: 6517e24e0cad87ec9888f500c5b5947032cdfe6ef65e1c1936a0c48a524b81e65542c9c3edc91c97d5bddc806ee2a985dbc79be89215d613b1de5db6d1cfe6f4
  languageName: node
  linkType: hard

"object-assign@npm:^4.1.1":
  version: 4.1.1
  resolution: "object-assign@npm:4.1.1"
  checksum: fcc6e4ea8c7fe48abfbb552578b1c53e0d194086e2e6bbbf59e0a536381a292f39943c6e9628af05b5528aa5e3318bb30d6b2e53cadaf5b8fe9e12c4b69af23f
  languageName: node
  linkType: hard

"prop-types@npm:^15.5.8, prop-types@npm:^15.6.0":
  version: 15.8.1
  resolution: "prop-types@npm:15.8.1"
  dependencies:
    loose-envify: ^1.4.0
    object-assign: ^4.1.1
    react-is: ^16.13.1
  checksum: c056d3f1c057cb7ff8344c645450e14f088a915d078dcda795041765047fa080d38e5d626560ccaac94a4e16e3aa15f3557c1a9a8d1174530955e992c675e459
  languageName: node
  linkType: hard

"react-display-name@npm:^0.2.4":
  version: 0.2.5
  resolution: "react-display-name@npm:0.2.5"
  checksum: ba27778c975e09afea2bfb58c4052b9e12121329a5115391564085ec64293f2b54d3408b841ad04600142c37d40493442676bf1124d0cc0e68f2f1e02762812b
  languageName: node
  linkType: hard

"react-dom@npm:^18.2.0":
  version: 18.2.0
  resolution: "react-dom@npm:18.2.0"
  dependencies:
    loose-envify: ^1.1.0
    scheduler: ^0.23.0
  peerDependencies:
    react: ^18.2.0
  checksum: 7d323310bea3a91be2965f9468d552f201b1c27891e45ddc2d6b8f717680c95a75ae0bc1e3f5cf41472446a2589a75aed4483aee8169287909fcd59ad149e8cc
  languageName: node
  linkType: hard

"react-is@npm:^16.13.1, react-is@npm:^16.7.0":
  version: 16.13.1
  resolution: "react-is@npm:16.13.1"
  checksum: f7a19ac3496de32ca9ae12aa030f00f14a3d45374f1ceca0af707c831b2a6098ef0d6bdae51bd437b0a306d7f01d4677fcc8de7c0d331eb47ad0f46130e53c5f
  languageName: node
  linkType: hard

"react-jss@npm:^10.10.0":
  version: 10.10.0
  resolution: "react-jss@npm:10.10.0"
  dependencies:
    "@babel/runtime": ^7.3.1
    "@emotion/is-prop-valid": ^0.7.3
    css-jss: 10.10.0
    hoist-non-react-statics: ^3.2.0
    is-in-browser: ^1.1.3
    jss: 10.10.0
    jss-preset-default: 10.10.0
    prop-types: ^15.6.0
    shallow-equal: ^1.2.0
    theming: ^3.3.0
    tiny-warning: ^1.0.2
  peerDependencies:
    react: ">=16.8.6"
  checksum: d51ee9335a56c4881b8d36133c23336536cd4b200d17c04f8b3f53da2e8a5fc42707b63fe728c948c4d919a95bde0c1b9cdb600c7b89b1c30d0e0f611becad39
  languageName: node
  linkType: hard

"react@npm:^18.2.0":
  version: 18.2.0
  resolution: "react@npm:18.2.0"
  dependencies:
    loose-envify: ^1.1.0
  checksum: 88e38092da8839b830cda6feef2e8505dec8ace60579e46aa5490fc3dc9bba0bd50336507dc166f43e3afc1c42939c09fe33b25fae889d6f402721dcd78fca1b
  languageName: node
  linkType: hard

"regenerator-runtime@npm:^0.13.11":
  version: 0.13.11
  resolution: "regenerator-runtime@npm:0.13.11"
  checksum: 27481628d22a1c4e3ff551096a683b424242a216fee44685467307f14d58020af1e19660bf2e26064de946bad7eff28950eae9f8209d55723e2d9351e632bbb4
  languageName: node
  linkType: hard

"roguelike@workspace:.":
  version: 0.0.0-use.local
  resolution: "roguelike@workspace:."
  dependencies:
    esbuild: ^0.18.17
    react: ^18.2.0
    react-dom: ^18.2.0
    react-jss: ^10.10.0
    typescript: ^5.1.6
  languageName: unknown
  linkType: soft

"scheduler@npm:^0.23.0":
  version: 0.23.0
  resolution: "scheduler@npm:0.23.0"
  dependencies:
    loose-envify: ^1.1.0
  checksum: d79192eeaa12abef860c195ea45d37cbf2bbf5f66e3c4dcd16f54a7da53b17788a70d109ee3d3dde1a0fd50e6a8fc171f4300356c5aee4fc0171de526bf35f8a
  languageName: node
  linkType: hard

"shallow-equal@npm:^1.2.0":
  version: 1.2.1
  resolution: "shallow-equal@npm:1.2.1"
  checksum: 4f1645cc516e7754c4438db687e1da439a5f29a7dba2ba90c5f88e5708aeb17bc4355ba45cad805b0e95dc898e37d8bf6d77d854919c7512f89939986cff8cd1
  languageName: node
  linkType: hard

"symbol-observable@npm:^1.2.0":
  version: 1.2.0
  resolution: "symbol-observable@npm:1.2.0"
  checksum: 48ffbc22e3d75f9853b3ff2ae94a44d84f386415110aea5effc24d84c502e03a4a6b7a8f75ebaf7b585780bda34eb5d6da3121f826a6f93398429d30032971b6
  languageName: node
  linkType: hard

"theming@npm:^3.3.0":
  version: 3.3.0
  resolution: "theming@npm:3.3.0"
  dependencies:
    hoist-non-react-statics: ^3.3.0
    prop-types: ^15.5.8
    react-display-name: ^0.2.4
    tiny-warning: ^1.0.2
  peerDependencies:
    react: ">=16.3"
  checksum: cb85008983d53460c26761edde2b264d825d15efc455ed32299a76c7a21425607bf53019f0d5d05699569ce808fb8ec1e4c3e56a41ebbf2c80c27358288c315f
  languageName: node
  linkType: hard

"tiny-warning@npm:^1.0.2":
  version: 1.0.3
  resolution: "tiny-warning@npm:1.0.3"
  checksum: da62c4acac565902f0624b123eed6dd3509bc9a8d30c06e017104bedcf5d35810da8ff72864400ad19c5c7806fc0a8323c68baf3e326af7cb7d969f846100d71
  languageName: node
  linkType: hard

"typescript@npm:^5.1.6":
  version: 5.1.6
  resolution: "typescript@npm:5.1.6"
  bin:
    tsc: bin/tsc
    tsserver: bin/tsserver
  checksum: b2f2c35096035fe1f5facd1e38922ccb8558996331405eb00a5111cc948b2e733163cc22fab5db46992aba7dd520fff637f2c1df4996ff0e134e77d3249a7350
  languageName: node
  linkType: hard

"typescript@patch:typescript@^5.1.6#~builtin<compat/typescript>":
  version: 5.1.6
  resolution: "typescript@patch:typescript@npm%3A5.1.6#~builtin<compat/typescript>::version=5.1.6&hash=5da071"
  bin:
    tsc: bin/tsc
    tsserver: bin/tsserver
  checksum: f53bfe97f7c8b2b6d23cf572750d4e7d1e0c5fff1c36d859d0ec84556a827b8785077bc27676bf7e71fae538e517c3ecc0f37e7f593be913d884805d931bc8be
  languageName: node
  linkType: hard
